
Microsoft Visual Studio Solution File, Format Version 12.00
# Visual Studio 15
VisualStudioVersion = 15.0.28307.960
MinimumVisualStudioVersion = 10.0.40219.1
Project("{FAE04EC0-301F-11D3-BF4B-00C04F79EFBC}") = "TuneConverter.Android", "TuneConverter\TuneConverter.Android\TuneConverter.Android.csproj", "{88D94F1E-2FBF-48C7-9B43-03E127B94D9C}"
EndProject
Project("{FAE04EC0-301F-11D3-BF4B-00C04F79EFBC}") = "TuneConverter.iOS", "TuneConverter\TuneConverter.iOS\TuneConverter.iOS.csproj", "{C690F2DD-A2A1-4853-8EFC-0FDE4446C9E9}"
EndProject
Project("{FAE04EC0-301F-11D3-BF4B-00C04F79EFBC}") = "TuneConverter.UWP", "TuneConverter\TuneConverter.UWP\TuneConverter.UWP.csproj", "{7D4CB08C-4A12-4875-8FE4-B790ACB4B601}"
EndProject
Project("{9A19103F-16F7-4668-BE54-9A1E7A4F7556}") = "TuneConverter", "TuneConverter\TuneConverter\TuneConverter.csproj", "{4957F517-451F-4B24-B682-28401A622C72}"
EndProject
Project("{9A19103F-16F7-4668-BE54-9A1E7A4F7556}") = "TuneConvertHelper", "TuneConvertHelper\TuneConvertHelper.csproj", "{61E8230B-785F-4BEC-A800-8C2C9E34ECA8}"
EndProject
Project("{FAE04EC0-301F-11D3-BF4B-00C04F79EFBC}") = "TuneConverter.WPF", "TuneConverter.WPF\TuneConverter.WPF.csproj", "{4FD86D41-4AE2-40A8-B272-13FE4CF60B2D}"
EndProject
Global
	GlobalSection(SolutionConfigurationPlatforms) = preSolution
		Ad-Hoc|Any CPU = Ad-Hoc|Any CPU
		Ad-Hoc|ARM = Ad-Hoc|ARM
		Ad-Hoc|iPhone = Ad-Hoc|iPhone
		Ad-Hoc|iPhoneSimulator = Ad-Hoc|iPhoneSimulator
		Ad-Hoc|x64 = Ad-Hoc|x64
		Ad-Hoc|x86 = Ad-Hoc|x86
		AppStore|Any CPU = AppStore|Any CPU
		AppStore|ARM = AppStore|ARM
		AppStore|iPhone = AppStore|iPhone
		AppStore|iPhoneSimulator = AppStore|iPhoneSimulator
		AppStore|x64 = AppStore|x64
		AppStore|x86 = AppStore|x86
		Debug|Any CPU = Debug|Any CPU
		Debug|ARM = Debug|ARM
		Debug|iPhone = Debug|iPhone
		Debug|iPhoneSimulator = Debug|iPhoneSimulator
		Debug|x64 = Debug|x64
		Debug|x86 = Debug|x86
		Release|Any CPU = Release|Any CPU
		Release|ARM = Release|ARM
		Release|iPhone = Release|iPhone
		Release|iPhoneSimulator = Release|iPhoneSimulator
		Release|x64 = Release|x64
		Release|x86 = Release|x86
	EndGlobalSection
	GlobalSection(ProjectConfigurationPlatforms) = postSolution
		{88D94F1E-2FBF-48C7-9B43-03E127B94D9C}.Ad-Hoc|Any CPU.ActiveCfg = Release|Any CPU
		{88D94F1E-2FBF-48C7-9B43-03E127B94D9C}.Ad-Hoc|Any CPU.Build.0 = Release|Any CPU
		{88D94F1E-2FBF-48C7-9B43-03E127B94D9C}.Ad-Hoc|Any CPU.Deploy.0 = Release|Any CPU
		{88D94F1E-2FBF-48C7-9B43-03E127B94D9C}.Ad-Hoc|ARM.ActiveCfg = Release|Any CPU
		{88D94F1E-2FBF-48C7-9B43-03E127B94D9C}.Ad-Hoc|ARM.Build.0 = Release|Any CPU
		{88D94F1E-2FBF-48C7-9B43-03E127B94D9C}.Ad-Hoc|ARM.Deploy.0 = Release|Any CPU
		{88D94F1E-2FBF-48C7-9B43-03E127B94D9C}.Ad-Hoc|iPhone.ActiveCfg = Release|Any CPU
		{88D94F1E-2FBF-48C7-9B43-03E127B94D9C}.Ad-Hoc|iPhone.Build.0 = Release|Any CPU
		{88D94F1E-2FBF-48C7-9B43-03E127B94D9C}.Ad-Hoc|iPhone.Deploy.0 = Release|Any CPU
		{88D94F1E-2FBF-48C7-9B43-03E127B94D9C}.Ad-Hoc|iPhoneSimulator.ActiveCfg = Release|Any CPU
		{88D94F1E-2FBF-48C7-9B43-03E127B94D9C}.Ad-Hoc|iPhoneSimulator.Build.0 = Release|Any CPU
		{88D94F1E-2FBF-48C7-9B43-03E127B94D9C}.Ad-Hoc|iPhoneSimulator.Deploy.0 = Release|Any CPU
		{88D94F1E-2FBF-48C7-9B43-03E127B94D9C}.Ad-Hoc|x64.ActiveCfg = Release|Any CPU
		{88D94F1E-2FBF-48C7-9B43-03E127B94D9C}.Ad-Hoc|x64.Build.0 = Release|Any CPU
		{88D94F1E-2FBF-48C7-9B43-03E127B94D9C}.Ad-Hoc|x64.Deploy.0 = Release|Any CPU
		{88D94F1E-2FBF-48C7-9B43-03E127B94D9C}.Ad-Hoc|x86.ActiveCfg = Release|Any CPU
		{88D94F1E-2FBF-48C7-9B43-03E127B94D9C}.Ad-Hoc|x86.Build.0 = Release|Any CPU
		{88D94F1E-2FBF-48C7-9B43-03E127B94D9C}.Ad-Hoc|x86.Deploy.0 = Release|Any CPU
		{88D94F1E-2FBF-48C7-9B43-03E127B94D9C}.AppStore|Any CPU.ActiveCfg = Release|Any CPU
		{88D94F1E-2FBF-48C7-9B43-03E127B94D9C}.AppStore|Any CPU.Build.0 = Release|Any CPU
		{88D94F1E-2FBF-48C7-9B43-03E127B94D9C}.AppStore|Any CPU.Deploy.0 = Release|Any CPU
		{88D94F1E-2FBF-48C7-9B43-03E127B94D9C}.AppStore|ARM.ActiveCfg = Release|Any CPU
		{88D94F1E-2FBF-48C7-9B43-03E127B94D9C}.AppStore|ARM.Build.0 = Release|Any CPU
		{88D94F1E-2FBF-48C7-9B43-03E127B94D9C}.AppStore|ARM.Deploy.0 = Release|Any CPU
		{88D94F1E-2FBF-48C7-9B43-03E127B94D9C}.AppStore|iPhone.ActiveCfg = Release|Any CPU
		{88D94F1E-2FBF-48C7-9B43-03E127B94D9C}.AppStore|iPhone.Build.0 = Release|Any CPU
		{88D94F1E-2FBF-48C7-9B43-03E127B94D9C}.AppStore|iPhone.Deploy.0 = Release|Any CPU
		{88D94F1E-2FBF-48C7-9B43-03E127B94D9C}.AppStore|iPhoneSimulator.ActiveCfg = Release|Any CPU
		{88D94F1E-2FBF-48C7-9B43-03E127B94D9C}.AppStore|iPhoneSimulator.Build.0 = Release|Any CPU
		{88D94F1E-2FBF-48C7-9B43-03E127B94D9C}.AppStore|iPhoneSimulator.Deploy.0 = Release|Any CPU
		{88D94F1E-2FBF-48C7-9B43-03E127B94D9C}.AppStore|x64.ActiveCfg = Release|Any CPU
		{88D94F1E-2FBF-48C7-9B43-03E127B94D9C}.AppStore|x64.Build.0 = Release|Any CPU
		{88D94F1E-2FBF-48C7-9B43-03E127B94D9C}.AppStore|x64.Deploy.0 = Release|Any CPU
		{88D94F1E-2FBF-48C7-9B43-03E127B94D9C}.AppStore|x86.ActiveCfg = Release|Any CPU
		{88D94F1E-2FBF-48C7-9B43-03E127B94D9C}.AppStore|x86.Build.0 = Release|Any CPU
		{88D94F1E-2FBF-48C7-9B43-03E127B94D9C}.AppStore|x86.Deploy.0 = Release|Any CPU
		{88D94F1E-2FBF-48C7-9B43-03E127B94D9C}.Debug|Any CPU.ActiveCfg = Debug|Any CPU
		{88D94F1E-2FBF-48C7-9B43-03E127B94D9C}.Debug|Any CPU.Build.0 = Debug|Any CPU
		{88D94F1E-2FBF-48C7-9B43-03E127B94D9C}.Debug|Any CPU.Deploy.0 = Debug|Any CPU
		{88D94F1E-2FBF-48C7-9B43-03E127B94D9C}.Debug|ARM.ActiveCfg = Debug|Any CPU
		{88D94F1E-2FBF-48C7-9B43-03E127B94D9C}.Debug|ARM.Build.0 = Debug|Any CPU
		{88D94F1E-2FBF-48C7-9B43-03E127B94D9C}.Debug|ARM.Deploy.0 = Debug|Any CPU
		{88D94F1E-2FBF-48C7-9B43-03E127B94D9C}.Debug|iPhone.ActiveCfg = Debug|Any CPU
		{88D94F1E-2FBF-48C7-9B43-03E127B94D9C}.Debug|iPhone.Build.0 = Debug|Any CPU
		{88D94F1E-2FBF-48C7-9B43-03E127B94D9C}.Debug|iPhone.Deploy.0 = Debug|Any CPU
		{88D94F1E-2FBF-48C7-9B43-03E127B94D9C}.Debug|iPhoneSimulator.ActiveCfg = Debug|Any CPU
		{88D94F1E-2FBF-48C7-9B43-03E127B94D9C}.Debug|iPhoneSimulator.Build.0 = Debug|Any CPU
		{88D94F1E-2FBF-48C7-9B43-03E127B94D9C}.Debug|iPhoneSimulator.Deploy.0 = Debug|Any CPU
		{88D94F1E-2FBF-48C7-9B43-03E127B94D9C}.Debug|x64.ActiveCfg = Debug|Any CPU
		{88D94F1E-2FBF-48C7-9B43-03E127B94D9C}.Debug|x64.Build.0 = Debug|Any CPU
		{88D94F1E-2FBF-48C7-9B43-03E127B94D9C}.Debug|x64.Deploy.0 = Debug|Any CPU
		{88D94F1E-2FBF-48C7-9B43-03E127B94D9C}.Debug|x86.ActiveCfg = Debug|Any CPU
		{88D94F1E-2FBF-48C7-9B43-03E127B94D9C}.Debug|x86.Build.0 = Debug|Any CPU
		{88D94F1E-2FBF-48C7-9B43-03E127B94D9C}.Debug|x86.Deploy.0 = Debug|Any CPU
		{88D94F1E-2FBF-48C7-9B43-03E127B94D9C}.Release|Any CPU.ActiveCfg = Release|Any CPU
		{88D94F1E-2FBF-48C7-9B43-03E127B94D9C}.Release|Any CPU.Build.0 = Release|Any CPU
		{88D94F1E-2FBF-48C7-9B43-03E127B94D9C}.Release|Any CPU.Deploy.0 = Release|Any CPU
		{88D94F1E-2FBF-48C7-9B43-03E127B94D9C}.Release|ARM.ActiveCfg = Release|Any CPU
		{88D94F1E-2FBF-48C7-9B43-03E127B94D9C}.Release|ARM.Build.0 = Release|Any CPU
		{88D94F1E-2FBF-48C7-9B43-03E127B94D9C}.Release|ARM.Deploy.0 = Release|Any CPU
		{88D94F1E-2FBF-48C7-9B43-03E127B94D9C}.Release|iPhone.ActiveCfg = Release|Any CPU
		{88D94F1E-2FBF-48C7-9B43-03E127B94D9C}.Release|iPhone.Build.0 = Release|Any CPU
		{88D94F1E-2FBF-48C7-9B43-03E127B94D9C}.Release|iPhone.Deploy.0 = Release|Any CPU
		{88D94F1E-2FBF-48C7-9B43-03E127B94D9C}.Release|iPhoneSimulator.ActiveCfg = Release|Any CPU
		{88D94F1E-2FBF-48C7-9B43-03E127B94D9C}.Release|iPhoneSimulator.Build.0 = Release|Any CPU
		{88D94F1E-2FBF-48C7-9B43-03E127B94D9C}.Release|iPhoneSimulator.Deploy.0 = Release|Any CPU
		{88D94F1E-2FBF-48C7-9B43-03E127B94D9C}.Release|x64.ActiveCfg = Release|Any CPU
		{88D94F1E-2FBF-48C7-9B43-03E127B94D9C}.Release|x64.Build.0 = Release|Any CPU
		{88D94F1E-2FBF-48C7-9B43-03E127B94D9C}.Release|x64.Deploy.0 = Release|Any CPU
		{88D94F1E-2FBF-48C7-9B43-03E127B94D9C}.Release|x86.ActiveCfg = Release|Any CPU
		{88D94F1E-2FBF-48C7-9B43-03E127B94D9C}.Release|x86.Build.0 = Release|Any CPU
		{88D94F1E-2FBF-48C7-9B43-03E127B94D9C}.Release|x86.Deploy.0 = Release|Any CPU
		{C690F2DD-A2A1-4853-8EFC-0FDE4446C9E9}.Ad-Hoc|Any CPU.ActiveCfg = Ad-Hoc|iPhone
		{C690F2DD-A2A1-4853-8EFC-0FDE4446C9E9}.Ad-Hoc|Any CPU.Build.0 = Ad-Hoc|iPhone
		{C690F2DD-A2A1-4853-8EFC-0FDE4446C9E9}.Ad-Hoc|Any CPU.Deploy.0 = Ad-Hoc|iPhone
		{C690F2DD-A2A1-4853-8EFC-0FDE4446C9E9}.Ad-Hoc|ARM.ActiveCfg = Ad-Hoc|iPhone
		{C690F2DD-A2A1-4853-8EFC-0FDE4446C9E9}.Ad-Hoc|ARM.Build.0 = Ad-Hoc|iPhone
		{C690F2DD-A2A1-4853-8EFC-0FDE4446C9E9}.Ad-Hoc|ARM.Deploy.0 = Ad-Hoc|iPhone
		{C690F2DD-A2A1-4853-8EFC-0FDE4446C9E9}.Ad-Hoc|iPhone.ActiveCfg = Ad-Hoc|iPhone
		{C690F2DD-A2A1-4853-8EFC-0FDE4446C9E9}.Ad-Hoc|iPhone.Build.0 = Ad-Hoc|iPhone
		{C690F2DD-A2A1-4853-8EFC-0FDE4446C9E9}.Ad-Hoc|iPhone.Deploy.0 = Ad-Hoc|iPhone
		{C690F2DD-A2A1-4853-8EFC-0FDE4446C9E9}.Ad-Hoc|iPhoneSimulator.ActiveCfg = Ad-Hoc|iPhoneSimulator
		{C690F2DD-A2A1-4853-8EFC-0FDE4446C9E9}.Ad-Hoc|iPhoneSimulator.Build.0 = Ad-Hoc|iPhoneSimulator
		{C690F2DD-A2A1-4853-8EFC-0FDE4446C9E9}.Ad-Hoc|iPhoneSimulator.Deploy.0 = Ad-Hoc|iPhoneSimulator
		{C690F2DD-A2A1-4853-8EFC-0FDE4446C9E9}.Ad-Hoc|x64.ActiveCfg = Ad-Hoc|iPhone
		{C690F2DD-A2A1-4853-8EFC-0FDE4446C9E9}.Ad-Hoc|x64.Build.0 = Ad-Hoc|iPhone
		{C690F2DD-A2A1-4853-8EFC-0FDE4446C9E9}.Ad-Hoc|x64.Deploy.0 = Ad-Hoc|iPhone
		{C690F2DD-A2A1-4853-8EFC-0FDE4446C9E9}.Ad-Hoc|x86.ActiveCfg = Ad-Hoc|iPhone
		{C690F2DD-A2A1-4853-8EFC-0FDE4446C9E9}.Ad-Hoc|x86.Build.0 = Ad-Hoc|iPhone
		{C690F2DD-A2A1-4853-8EFC-0FDE4446C9E9}.Ad-Hoc|x86.Deploy.0 = Ad-Hoc|iPhone
		{C690F2DD-A2A1-4853-8EFC-0FDE4446C9E9}.AppStore|Any CPU.ActiveCfg = AppStore|iPhone
		{C690F2DD-A2A1-4853-8EFC-0FDE4446C9E9}.AppStore|Any CPU.Build.0 = AppStore|iPhone
		{C690F2DD-A2A1-4853-8EFC-0FDE4446C9E9}.AppStore|Any CPU.Deploy.0 = AppStore|iPhone
		{C690F2DD-A2A1-4853-8EFC-0FDE4446C9E9}.AppStore|ARM.ActiveCfg = AppStore|iPhone
		{C690F2DD-A2A1-4853-8EFC-0FDE4446C9E9}.AppStore|ARM.Build.0 = AppStore|iPhone
		{C690F2DD-A2A1-4853-8EFC-0FDE4446C9E9}.AppStore|ARM.Deploy.0 = AppStore|iPhone
		{C690F2DD-A2A1-4853-8EFC-0FDE4446C9E9}.AppStore|iPhone.ActiveCfg = AppStore|iPhone
		{C690F2DD-A2A1-4853-8EFC-0FDE4446C9E9}.AppStore|iPhone.Build.0 = AppStore|iPhone
		{C690F2DD-A2A1-4853-8EFC-0FDE4446C9E9}.AppStore|iPhone.Deploy.0 = AppStore|iPhone
		{C690F2DD-A2A1-4853-8EFC-0FDE4446C9E9}.AppStore|iPhoneSimulator.ActiveCfg = AppStore|iPhoneSimulator
		{C690F2DD-A2A1-4853-8EFC-0FDE4446C9E9}.AppStore|iPhoneSimulator.Build.0 = AppStore|iPhoneSimulator
		{C690F2DD-A2A1-4853-8EFC-0FDE4446C9E9}.AppStore|iPhoneSimulator.Deploy.0 = AppStore|iPhoneSimulator
		{C690F2DD-A2A1-4853-8EFC-0FDE4446C9E9}.AppStore|x64.ActiveCfg = AppStore|iPhone
		{C690F2DD-A2A1-4853-8EFC-0FDE4446C9E9}.AppStore|x64.Build.0 = AppStore|iPhone
		{C690F2DD-A2A1-4853-8EFC-0FDE4446C9E9}.AppStore|x64.Deploy.0 = AppStore|iPhone
		{C690F2DD-A2A1-4853-8EFC-0FDE4446C9E9}.AppStore|x86.ActiveCfg = AppStore|iPhone
		{C690F2DD-A2A1-4853-8EFC-0FDE4446C9E9}.AppStore|x86.Build.0 = AppStore|iPhone
		{C690F2DD-A2A1-4853-8EFC-0FDE4446C9E9}.AppStore|x86.Deploy.0 = AppStore|iPhone
		{C690F2DD-A2A1-4853-8EFC-0FDE4446C9E9}.Debug|Any CPU.ActiveCfg = Debug|iPhoneSimulator
		{C690F2DD-A2A1-4853-8EFC-0FDE4446C9E9}.Debug|Any CPU.Build.0 = Debug|iPhoneSimulator
		{C690F2DD-A2A1-4853-8EFC-0FDE4446C9E9}.Debug|Any CPU.Deploy.0 = Debug|iPhoneSimulator
		{C690F2DD-A2A1-4853-8EFC-0FDE4446C9E9}.Debug|ARM.ActiveCfg = Debug|iPhone
		{C690F2DD-A2A1-4853-8EFC-0FDE4446C9E9}.Debug|ARM.Build.0 = Debug|iPhone
		{C690F2DD-A2A1-4853-8EFC-0FDE4446C9E9}.Debug|ARM.Deploy.0 = Debug|iPhone
		{C690F2DD-A2A1-4853-8EFC-0FDE4446C9E9}.Debug|iPhone.ActiveCfg = Debug|iPhone
		{C690F2DD-A2A1-4853-8EFC-0FDE4446C9E9}.Debug|iPhone.Build.0 = Debug|iPhone
		{C690F2DD-A2A1-4853-8EFC-0FDE4446C9E9}.Debug|iPhone.Deploy.0 = Debug|iPhone
		{C690F2DD-A2A1-4853-8EFC-0FDE4446C9E9}.Debug|iPhoneSimulator.ActiveCfg = Debug|iPhoneSimulator
		{C690F2DD-A2A1-4853-8EFC-0FDE4446C9E9}.Debug|iPhoneSimulator.Build.0 = Debug|iPhoneSimulator
		{C690F2DD-A2A1-4853-8EFC-0FDE4446C9E9}.Debug|iPhoneSimulator.Deploy.0 = Debug|iPhoneSimulator
		{C690F2DD-A2A1-4853-8EFC-0FDE4446C9E9}.Debug|x64.ActiveCfg = Debug|iPhone
		{C690F2DD-A2A1-4853-8EFC-0FDE4446C9E9}.Debug|x64.Build.0 = Debug|iPhone
		{C690F2DD-A2A1-4853-8EFC-0FDE4446C9E9}.Debug|x64.Deploy.0 = Debug|iPhone
		{C690F2DD-A2A1-4853-8EFC-0FDE4446C9E9}.Debug|x86.ActiveCfg = Debug|iPhone
		{C690F2DD-A2A1-4853-8EFC-0FDE4446C9E9}.Debug|x86.Build.0 = Debug|iPhone
		{C690F2DD-A2A1-4853-8EFC-0FDE4446C9E9}.Debug|x86.Deploy.0 = Debug|iPhone
		{C690F2DD-A2A1-4853-8EFC-0FDE4446C9E9}.Release|Any CPU.ActiveCfg = Release|iPhone
		{C690F2DD-A2A1-4853-8EFC-0FDE4446C9E9}.Release|Any CPU.Build.0 = Release|iPhone
		{C690F2DD-A2A1-4853-8EFC-0FDE4446C9E9}.Release|Any CPU.Deploy.0 = Release|iPhone
		{C690F2DD-A2A1-4853-8EFC-0FDE4446C9E9}.Release|ARM.ActiveCfg = Release|iPhone
		{C690F2DD-A2A1-4853-8EFC-0FDE4446C9E9}.Release|ARM.Build.0 = Release|iPhone
		{C690F2DD-A2A1-4853-8EFC-0FDE4446C9E9}.Release|ARM.Deploy.0 = Release|iPhone
		{C690F2DD-A2A1-4853-8EFC-0FDE4446C9E9}.Release|iPhone.ActiveCfg = Release|iPhone
		{C690F2DD-A2A1-4853-8EFC-0FDE4446C9E9}.Release|iPhone.Build.0 = Release|iPhone
		{C690F2DD-A2A1-4853-8EFC-0FDE4446C9E9}.Release|iPhone.Deploy.0 = Release|iPhone
		{C690F2DD-A2A1-4853-8EFC-0FDE4446C9E9}.Release|iPhoneSimulator.ActiveCfg = Release|iPhoneSimulator
		{C690F2DD-A2A1-4853-8EFC-0FDE4446C9E9}.Release|iPhoneSimulator.Build.0 = Release|iPhoneSimulator
		{C690F2DD-A2A1-4853-8EFC-0FDE4446C9E9}.Release|iPhoneSimulator.Deploy.0 = Release|iPhoneSimulator
		{C690F2DD-A2A1-4853-8EFC-0FDE4446C9E9}.Release|x64.ActiveCfg = Release|iPhone
		{C690F2DD-A2A1-4853-8EFC-0FDE4446C9E9}.Release|x64.Build.0 = Release|iPhone
		{C690F2DD-A2A1-4853-8EFC-0FDE4446C9E9}.Release|x64.Deploy.0 = Release|iPhone
		{C690F2DD-A2A1-4853-8EFC-0FDE4446C9E9}.Release|x86.ActiveCfg = Release|iPhone
		{C690F2DD-A2A1-4853-8EFC-0FDE4446C9E9}.Release|x86.Build.0 = Release|iPhone
		{C690F2DD-A2A1-4853-8EFC-0FDE4446C9E9}.Release|x86.Deploy.0 = Release|iPhone
		{7D4CB08C-4A12-4875-8FE4-B790ACB4B601}.Ad-Hoc|Any CPU.ActiveCfg = Release|x86
		{7D4CB08C-4A12-4875-8FE4-B790ACB4B601}.Ad-Hoc|Any CPU.Build.0 = Release|x86
		{7D4CB08C-4A12-4875-8FE4-B790ACB4B601}.Ad-Hoc|Any CPU.Deploy.0 = Release|x86
		{7D4CB08C-4A12-4875-8FE4-B790ACB4B601}.Ad-Hoc|ARM.ActiveCfg = Release|ARM
		{7D4CB08C-4A12-4875-8FE4-B790ACB4B601}.Ad-Hoc|ARM.Build.0 = Release|ARM
		{7D4CB08C-4A12-4875-8FE4-B790ACB4B601}.Ad-Hoc|ARM.Deploy.0 = Release|ARM
		{7D4CB08C-4A12-4875-8FE4-B790ACB4B601}.Ad-Hoc|iPhone.ActiveCfg = Release|x86
		{7D4CB08C-4A12-4875-8FE4-B790ACB4B601}.Ad-Hoc|iPhone.Build.0 = Release|x86
		{7D4CB08C-4A12-4875-8FE4-B790ACB4B601}.Ad-Hoc|iPhone.Deploy.0 = Release|x86
		{7D4CB08C-4A12-4875-8FE4-B790ACB4B601}.Ad-Hoc|iPhoneSimulator.ActiveCfg = Release|x86
		{7D4CB08C-4A12-4875-8FE4-B790ACB4B601}.Ad-Hoc|iPhoneSimulator.Build.0 = Release|x86
		{7D4CB08C-4A12-4875-8FE4-B790ACB4B601}.Ad-Hoc|iPhoneSimulator.Deploy.0 = Release|x86
		{7D4CB08C-4A12-4875-8FE4-B790ACB4B601}.Ad-Hoc|x64.ActiveCfg = Release|x64
		{7D4CB08C-4A12-4875-8FE4-B790ACB4B601}.Ad-Hoc|x64.Build.0 = Release|x64
		{7D4CB08C-4A12-4875-8FE4-B790ACB4B601}.Ad-Hoc|x64.Deploy.0 = Release|x64
		{7D4CB08C-4A12-4875-8FE4-B790ACB4B601}.Ad-Hoc|x86.ActiveCfg = Release|x86
		{7D4CB08C-4A12-4875-8FE4-B790ACB4B601}.Ad-Hoc|x86.Build.0 = Release|x86
		{7D4CB08C-4A12-4875-8FE4-B790ACB4B601}.Ad-Hoc|x86.Deploy.0 = Release|x86
		{7D4CB08C-4A12-4875-8FE4-B790ACB4B601}.AppStore|Any CPU.ActiveCfg = Release|x86
		{7D4CB08C-4A12-4875-8FE4-B790ACB4B601}.AppStore|Any CPU.Build.0 = Release|x86
		{7D4CB08C-4A12-4875-8FE4-B790ACB4B601}.AppStore|Any CPU.Deploy.0 = Release|x86
		{7D4CB08C-4A12-4875-8FE4-B790ACB4B601}.AppStore|ARM.ActiveCfg = Release|ARM
		{7D4CB08C-4A12-4875-8FE4-B790ACB4B601}.AppStore|ARM.Build.0 = Release|ARM
		{7D4CB08C-4A12-4875-8FE4-B790ACB4B601}.AppStore|ARM.Deploy.0 = Release|ARM
		{7D4CB08C-4A12-4875-8FE4-B790ACB4B601}.AppStore|iPhone.ActiveCfg = Release|x86
		{7D4CB08C-4A12-4875-8FE4-B790ACB4B601}.AppStore|iPhone.Build.0 = Release|x86
		{7D4CB08C-4A12-4875-8FE4-B790ACB4B601}.AppStore|iPhone.Deploy.0 = Release|x86
		{7D4CB08C-4A12-4875-8FE4-B790ACB4B601}.AppStore|iPhoneSimulator.ActiveCfg = Release|x86
		{7D4CB08C-4A12-4875-8FE4-B790ACB4B601}.AppStore|iPhoneSimulator.Build.0 = Release|x86
		{7D4CB08C-4A12-4875-8FE4-B790ACB4B601}.AppStore|iPhoneSimulator.Deploy.0 = Release|x86
		{7D4CB08C-4A12-4875-8FE4-B790ACB4B601}.AppStore|x64.ActiveCfg = Release|x64
		{7D4CB08C-4A12-4875-8FE4-B790ACB4B601}.AppStore|x64.Build.0 = Release|x64
		{7D4CB08C-4A12-4875-8FE4-B790ACB4B601}.AppStore|x64.Deploy.0 = Release|x64
		{7D4CB08C-4A12-4875-8FE4-B790ACB4B601}.AppStore|x86.ActiveCfg = Release|x86
		{7D4CB08C-4A12-4875-8FE4-B790ACB4B601}.AppStore|x86.Build.0 = Release|x86
		{7D4CB08C-4A12-4875-8FE4-B790ACB4B601}.AppStore|x86.Deploy.0 = Release|x86
		{7D4CB08C-4A12-4875-8FE4-B790ACB4B601}.Debug|Any CPU.ActiveCfg = Debug|x86
		{7D4CB08C-4A12-4875-8FE4-B790ACB4B601}.Debug|Any CPU.Build.0 = Debug|x86
		{7D4CB08C-4A12-4875-8FE4-B790ACB4B601}.Debug|Any CPU.Deploy.0 = Debug|x86
		{7D4CB08C-4A12-4875-8FE4-B790ACB4B601}.Debug|ARM.ActiveCfg = Debug|ARM
		{7D4CB08C-4A12-4875-8FE4-B790ACB4B601}.Debug|ARM.Build.0 = Debug|ARM
		{7D4CB08C-4A12-4875-8FE4-B790ACB4B601}.Debug|ARM.Deploy.0 = Debug|ARM
		{7D4CB08C-4A12-4875-8FE4-B790ACB4B601}.Debug|iPhone.ActiveCfg = Debug|x86
		{7D4CB08C-4A12-4875-8FE4-B790ACB4B601}.Debug|iPhone.Build.0 = Debug|x86
		{7D4CB08C-4A12-4875-8FE4-B790ACB4B601}.Debug|iPhone.Deploy.0 = Debug|x86
		{7D4CB08C-4A12-4875-8FE4-B790ACB4B601}.Debug|iPhoneSimulator.ActiveCfg = Debug|x86
		{7D4CB08C-4A12-4875-8FE4-B790ACB4B601}.Debug|iPhoneSimulator.Build.0 = Debug|x86
		{7D4CB08C-4A12-4875-8FE4-B790ACB4B601}.Debug|iPhoneSimulator.Deploy.0 = Debug|x86
		{7D4CB08C-4A12-4875-8FE4-B790ACB4B601}.Debug|x64.ActiveCfg = Debug|x64
		{7D4CB08C-4A12-4875-8FE4-B790ACB4B601}.Debug|x64.Build.0 = Debug|x64
		{7D4CB08C-4A12-4875-8FE4-B790ACB4B601}.Debug|x64.Deploy.0 = Debug|x64
		{7D4CB08C-4A12-4875-8FE4-B790ACB4B601}.Debug|x86.ActiveCfg = Debug|x86
		{7D4CB08C-4A12-4875-8FE4-B790ACB4B601}.Debug|x86.Build.0 = Debug|x86
		{7D4CB08C-4A12-4875-8FE4-B790ACB4B601}.Debug|x86.Deploy.0 = Debug|x86
		{7D4CB08C-4A12-4875-8FE4-B790ACB4B601}.Release|Any CPU.ActiveCfg = Release|x86
		{7D4CB08C-4A12-4875-8FE4-B790ACB4B601}.Release|Any CPU.Build.0 = Release|x86
		{7D4CB08C-4A12-4875-8FE4-B790ACB4B601}.Release|Any CPU.Deploy.0 = Release|x86
		{7D4CB08C-4A12-4875-8FE4-B790ACB4B601}.Release|ARM.ActiveCfg = Release|ARM
		{7D4CB08C-4A12-4875-8FE4-B790ACB4B601}.Release|ARM.Build.0 = Release|ARM
		{7D4CB08C-4A12-4875-8FE4-B790ACB4B601}.Release|ARM.Deploy.0 = Release|ARM
		{7D4CB08C-4A12-4875-8FE4-B790ACB4B601}.Release|iPhone.ActiveCfg = Release|x86
		{7D4CB08C-4A12-4875-8FE4-B790ACB4B601}.Release|iPhone.Build.0 = Release|x86
		{7D4CB08C-4A12-4875-8FE4-B790ACB4B601}.Release|iPhone.Deploy.0 = Release|x86
		{7D4CB08C-4A12-4875-8FE4-B790ACB4B601}.Release|iPhoneSimulator.ActiveCfg = Release|x86
		{7D4CB08C-4A12-4875-8FE4-B790ACB4B601}.Release|iPhoneSimulator.Build.0 = Release|x86
		{7D4CB08C-4A12-4875-8FE4-B790ACB4B601}.Release|iPhoneSimulator.Deploy.0 = Release|x86
		{7D4CB08C-4A12-4875-8FE4-B790ACB4B601}.Release|x64.ActiveCfg = Release|x64
		{7D4CB08C-4A12-4875-8FE4-B790ACB4B601}.Release|x64.Build.0 = Release|x64
		{7D4CB08C-4A12-4875-8FE4-B790ACB4B601}.Release|x64.Deploy.0 = Release|x64
		{7D4CB08C-4A12-4875-8FE4-B790ACB4B601}.Release|x86.ActiveCfg = Release|x86
		{7D4CB08C-4A12-4875-8FE4-B790ACB4B601}.Release|x86.Build.0 = Release|x86
		{7D4CB08C-4A12-4875-8FE4-B790ACB4B601}.Release|x86.Deploy.0 = Release|x86
		{4957F517-451F-4B24-B682-28401A622C72}.Ad-Hoc|Any CPU.ActiveCfg = Debug|Any CPU
		{4957F517-451F-4B24-B682-28401A622C72}.Ad-Hoc|Any CPU.Build.0 = Debug|Any CPU
		{4957F517-451F-4B24-B682-28401A622C72}.Ad-Hoc|Any CPU.Deploy.0 = Debug|Any CPU
		{4957F517-451F-4B24-B682-28401A622C72}.Ad-Hoc|ARM.ActiveCfg = Debug|Any CPU
		{4957F517-451F-4B24-B682-28401A622C72}.Ad-Hoc|ARM.Build.0 = Debug|Any CPU
		{4957F517-451F-4B24-B682-28401A622C72}.Ad-Hoc|ARM.Deploy.0 = Debug|Any CPU
		{4957F517-451F-4B24-B682-28401A622C72}.Ad-Hoc|iPhone.ActiveCfg = Debug|Any CPU
		{4957F517-451F-4B24-B682-28401A622C72}.Ad-Hoc|iPhone.Build.0 = Debug|Any CPU
		{4957F517-451F-4B24-B682-28401A622C72}.Ad-Hoc|iPhone.Deploy.0 = Debug|Any CPU
		{4957F517-451F-4B24-B682-28401A622C72}.Ad-Hoc|iPhoneSimulator.ActiveCfg = Debug|Any CPU
		{4957F517-451F-4B24-B682-28401A622C72}.Ad-Hoc|iPhoneSimulator.Build.0 = Debug|Any CPU
		{4957F517-451F-4B24-B682-28401A622C72}.Ad-Hoc|iPhoneSimulator.Deploy.0 = Debug|Any CPU
		{4957F517-451F-4B24-B682-28401A622C72}.Ad-Hoc|x64.ActiveCfg = Debug|Any CPU
		{4957F517-451F-4B24-B682-28401A622C72}.Ad-Hoc|x64.Build.0 = Debug|Any CPU
		{4957F517-451F-4B24-B682-28401A622C72}.Ad-Hoc|x64.Deploy.0 = Debug|Any CPU
		{4957F517-451F-4B24-B682-28401A622C72}.Ad-Hoc|x86.ActiveCfg = Debug|Any CPU
		{4957F517-451F-4B24-B682-28401A622C72}.Ad-Hoc|x86.Build.0 = Debug|Any CPU
		{4957F517-451F-4B24-B682-28401A622C72}.Ad-Hoc|x86.Deploy.0 = Debug|Any CPU
		{4957F517-451F-4B24-B682-28401A622C72}.AppStore|Any CPU.ActiveCfg = Debug|Any CPU
		{4957F517-451F-4B24-B682-28401A622C72}.AppStore|Any CPU.Build.0 = Debug|Any CPU
		{4957F517-451F-4B24-B682-28401A622C72}.AppStore|Any CPU.Deploy.0 = Debug|Any CPU
		{4957F517-451F-4B24-B682-28401A622C72}.AppStore|ARM.ActiveCfg = Debug|Any CPU
		{4957F517-451F-4B24-B682-28401A622C72}.AppStore|ARM.Build.0 = Debug|Any CPU
		{4957F517-451F-4B24-B682-28401A622C72}.AppStore|ARM.Deploy.0 = Debug|Any CPU
		{4957F517-451F-4B24-B682-28401A622C72}.AppStore|iPhone.ActiveCfg = Debug|Any CPU
		{4957F517-451F-4B24-B682-28401A622C72}.AppStore|iPhone.Build.0 = Debug|Any CPU
		{4957F517-451F-4B24-B682-28401A622C72}.AppStore|iPhone.Deploy.0 = Debug|Any CPU
		{4957F517-451F-4B24-B682-28401A622C72}.AppStore|iPhoneSimulator.ActiveCfg = Debug|Any CPU
		{4957F517-451F-4B24-B682-28401A622C72}.AppStore|iPhoneSimulator.Build.0 = Debug|Any CPU
		{4957F517-451F-4B24-B682-28401A622C72}.AppStore|iPhoneSimulator.Deploy.0 = Debug|Any CPU
		{4957F517-451F-4B24-B682-28401A622C72}.AppStore|x64.ActiveCfg = Debug|Any CPU
		{4957F517-451F-4B24-B682-28401A622C72}.AppStore|x64.Build.0 = Debug|Any CPU
		{4957F517-451F-4B24-B682-28401A622C72}.AppStore|x64.Deploy.0 = Debug|Any CPU
		{4957F517-451F-4B24-B682-28401A622C72}.AppStore|x86.ActiveCfg = Debug|Any CPU
		{4957F517-451F-4B24-B682-28401A622C72}.AppStore|x86.Build.0 = Debug|Any CPU
		{4957F517-451F-4B24-B682-28401A622C72}.AppStore|x86.Deploy.0 = Debug|Any CPU
		{4957F517-451F-4B24-B682-28401A622C72}.Debug|Any CPU.ActiveCfg = Debug|Any CPU
		{4957F517-451F-4B24-B682-28401A622C72}.Debug|Any CPU.Build.0 = Debug|Any CPU
		{4957F517-451F-4B24-B682-28401A622C72}.Debug|Any CPU.Deploy.0 = Debug|Any CPU
		{4957F517-451F-4B24-B682-28401A622C72}.Debug|ARM.ActiveCfg = Debug|Any CPU
		{4957F517-451F-4B24-B682-28401A622C72}.Debug|ARM.Build.0 = Debug|Any CPU
		{4957F517-451F-4B24-B682-28401A622C72}.Debug|ARM.Deploy.0 = Debug|Any CPU
		{4957F517-451F-4B24-B682-28401A622C72}.Debug|iPhone.ActiveCfg = Debug|Any CPU
		{4957F517-451F-4B24-B682-28401A622C72}.Debug|iPhone.Build.0 = Debug|Any CPU
		{4957F517-451F-4B24-B682-28401A622C72}.Debug|iPhone.Deploy.0 = Debug|Any CPU
		{4957F517-451F-4B24-B682-28401A622C72}.Debug|iPhoneSimulator.ActiveCfg = Debug|Any CPU
		{4957F517-451F-4B24-B682-28401A622C72}.Debug|iPhoneSimulator.Build.0 = Debug|Any CPU
		{4957F517-451F-4B24-B682-28401A622C72}.Debug|iPhoneSimulator.Deploy.0 = Debug|Any CPU
		{4957F517-451F-4B24-B682-28401A622C72}.Debug|x64.ActiveCfg = Debug|Any CPU
		{4957F517-451F-4B24-B682-28401A622C72}.Debug|x64.Build.0 = Debug|Any CPU
		{4957F517-451F-4B24-B682-28401A622C72}.Debug|x64.Deploy.0 = Debug|Any CPU
		{4957F517-451F-4B24-B682-28401A622C72}.Debug|x86.ActiveCfg = Debug|Any CPU
		{4957F517-451F-4B24-B682-28401A622C72}.Debug|x86.Build.0 = Debug|Any CPU
		{4957F517-451F-4B24-B682-28401A622C72}.Debug|x86.Deploy.0 = Debug|Any CPU
		{4957F517-451F-4B24-B682-28401A622C72}.Release|Any CPU.ActiveCfg = Release|Any CPU
		{4957F517-451F-4B24-B682-28401A622C72}.Release|Any CPU.Build.0 = Release|Any CPU
		{4957F517-451F-4B24-B682-28401A622C72}.Release|Any CPU.Deploy.0 = Release|Any CPU
		{4957F517-451F-4B24-B682-28401A622C72}.Release|ARM.ActiveCfg = Release|Any CPU
		{4957F517-451F-4B24-B682-28401A622C72}.Release|ARM.Build.0 = Release|Any CPU
		{4957F517-451F-4B24-B682-28401A622C72}.Release|ARM.Deploy.0 = Release|Any CPU
		{4957F517-451F-4B24-B682-28401A622C72}.Release|iPhone.ActiveCfg = Release|Any CPU
		{4957F517-451F-4B24-B682-28401A622C72}.Release|iPhone.Build.0 = Release|Any CPU
		{4957F517-451F-4B24-B682-28401A622C72}.Release|iPhone.Deploy.0 = Release|Any CPU
		{4957F517-451F-4B24-B682-28401A622C72}.Release|iPhoneSimulator.ActiveCfg = Release|Any CPU
		{4957F517-451F-4B24-B682-28401A622C72}.Release|iPhoneSimulator.Build.0 = Release|Any CPU
		{4957F517-451F-4B24-B682-28401A622C72}.Release|iPhoneSimulator.Deploy.0 = Release|Any CPU
		{4957F517-451F-4B24-B682-28401A622C72}.Release|x64.ActiveCfg = Release|Any CPU
		{4957F517-451F-4B24-B682-28401A622C72}.Release|x64.Build.0 = Release|Any CPU
		{4957F517-451F-4B24-B682-28401A622C72}.Release|x64.Deploy.0 = Release|Any CPU
		{4957F517-451F-4B24-B682-28401A622C72}.Release|x86.ActiveCfg = Release|Any CPU
		{4957F517-451F-4B24-B682-28401A622C72}.Release|x86.Build.0 = Release|Any CPU
		{4957F517-451F-4B24-B682-28401A622C72}.Release|x86.Deploy.0 = Release|Any CPU
		{61E8230B-785F-4BEC-A800-8C2C9E34ECA8}.Ad-Hoc|Any CPU.ActiveCfg = Debug|Any CPU
		{61E8230B-785F-4BEC-A800-8C2C9E34ECA8}.Ad-Hoc|Any CPU.Build.0 = Debug|Any CPU
		{61E8230B-785F-4BEC-A800-8C2C9E34ECA8}.Ad-Hoc|ARM.ActiveCfg = Debug|Any CPU
		{61E8230B-785F-4BEC-A800-8C2C9E34ECA8}.Ad-Hoc|ARM.Build.0 = Debug|Any CPU
		{61E8230B-785F-4BEC-A800-8C2C9E34ECA8}.Ad-Hoc|iPhone.ActiveCfg = Debug|Any CPU
		{61E8230B-785F-4BEC-A800-8C2C9E34ECA8}.Ad-Hoc|iPhone.Build.0 = Debug|Any CPU
		{61E8230B-785F-4BEC-A800-8C2C9E34ECA8}.Ad-Hoc|iPhoneSimulator.ActiveCfg = Debug|Any CPU
		{61E8230B-785F-4BEC-A800-8C2C9E34ECA8}.Ad-Hoc|iPhoneSimulator.Build.0 = Debug|Any CPU
		{61E8230B-785F-4BEC-A800-8C2C9E34ECA8}.Ad-Hoc|x64.ActiveCfg = Debug|Any CPU
		{61E8230B-785F-4BEC-A800-8C2C9E34ECA8}.Ad-Hoc|x64.Build.0 = Debug|Any CPU
		{61E8230B-785F-4BEC-A800-8C2C9E34ECA8}.Ad-Hoc|x86.ActiveCfg = Debug|Any CPU
		{61E8230B-785F-4BEC-A800-8C2C9E34ECA8}.Ad-Hoc|x86.Build.0 = Debug|Any CPU
		{61E8230B-785F-4BEC-A800-8C2C9E34ECA8}.AppStore|Any CPU.ActiveCfg = Debug|Any CPU
		{61E8230B-785F-4BEC-A800-8C2C9E34ECA8}.AppStore|Any CPU.Build.0 = Debug|Any CPU
		{61E8230B-785F-4BEC-A800-8C2C9E34ECA8}.AppStore|ARM.ActiveCfg = Debug|Any CPU
		{61E8230B-785F-4BEC-A800-8C2C9E34ECA8}.AppStore|ARM.Build.0 = Debug|Any CPU
		{61E8230B-785F-4BEC-A800-8C2C9E34ECA8}.AppStore|iPhone.ActiveCfg = Debug|Any CPU
		{61E8230B-785F-4BEC-A800-8C2C9E34ECA8}.AppStore|iPhone.Build.0 = Debug|Any CPU
		{61E8230B-785F-4BEC-A800-8C2C9E34ECA8}.AppStore|iPhoneSimulator.ActiveCfg = Debug|Any CPU
		{61E8230B-785F-4BEC-A800-8C2C9E34ECA8}.AppStore|iPhoneSimulator.Build.0 = Debug|Any CPU
		{61E8230B-785F-4BEC-A800-8C2C9E34ECA8}.AppStore|x64.ActiveCfg = Debug|Any CPU
		{61E8230B-785F-4BEC-A800-8C2C9E34ECA8}.AppStore|x64.Build.0 = Debug|Any CPU
		{61E8230B-785F-4BEC-A800-8C2C9E34ECA8}.AppStore|x86.ActiveCfg = Debug|Any CPU
		{61E8230B-785F-4BEC-A800-8C2C9E34ECA8}.AppStore|x86.Build.0 = Debug|Any CPU
		{61E8230B-785F-4BEC-A800-8C2C9E34ECA8}.Debug|Any CPU.ActiveCfg = Debug|Any CPU
		{61E8230B-785F-4BEC-A800-8C2C9E34ECA8}.Debug|Any CPU.Build.0 = Debug|Any CPU
		{61E8230B-785F-4BEC-A800-8C2C9E34ECA8}.Debug|ARM.ActiveCfg = Debug|Any CPU
		{61E8230B-785F-4BEC-A800-8C2C9E34ECA8}.Debug|ARM.Build.0 = Debug|Any CPU
		{61E8230B-785F-4BEC-A800-8C2C9E34ECA8}.Debug|iPhone.ActiveCfg = Debug|Any CPU
		{61E8230B-785F-4BEC-A800-8C2C9E34ECA8}.Debug|iPhone.Build.0 = Debug|Any CPU
		{61E8230B-785F-4BEC-A800-8C2C9E34ECA8}.Debug|iPhoneSimulator.ActiveCfg = Debug|Any CPU
		{61E8230B-785F-4BEC-A800-8C2C9E34ECA8}.Debug|iPhoneSimulator.Build.0 = Debug|Any CPU
		{61E8230B-785F-4BEC-A800-8C2C9E34ECA8}.Debug|x64.ActiveCfg = Debug|Any CPU
		{61E8230B-785F-4BEC-A800-8C2C9E34ECA8}.Debug|x64.Build.0 = Debug|Any CPU
		{61E8230B-785F-4BEC-A800-8C2C9E34ECA8}.Debug|x86.ActiveCfg = Debug|Any CPU
		{61E8230B-785F-4BEC-A800-8C2C9E34ECA8}.Debug|x86.Build.0 = Debug|Any CPU
		{61E8230B-785F-4BEC-A800-8C2C9E34ECA8}.Release|Any CPU.ActiveCfg = Release|Any CPU
		{61E8230B-785F-4BEC-A800-8C2C9E34ECA8}.Release|Any CPU.Build.0 = Release|Any CPU
		{61E8230B-785F-4BEC-A800-8C2C9E34ECA8}.Release|ARM.ActiveCfg = Release|Any CPU
		{61E8230B-785F-4BEC-A800-8C2C9E34ECA8}.Release|ARM.Build.0 = Release|Any CPU
		{61E8230B-785F-4BEC-A800-8C2C9E34ECA8}.Release|iPhone.ActiveCfg = Release|Any CPU
		{61E8230B-785F-4BEC-A800-8C2C9E34ECA8}.Release|iPhone.Build.0 = Release|Any CPU
		{61E8230B-785F-4BEC-A800-8C2C9E34ECA8}.Release|iPhoneSimulator.ActiveCfg = Release|Any CPU
		{61E8230B-785F-4BEC-A800-8C2C9E34ECA8}.Release|iPhoneSimulator.Build.0 = Release|Any CPU
		{61E8230B-785F-4BEC-A800-8C2C9E34ECA8}.Release|x64.ActiveCfg = Release|Any CPU
		{61E8230B-785F-4BEC-A800-8C2C9E34ECA8}.Release|x64.Build.0 = Release|Any CPU
		{61E8230B-785F-4BEC-A800-8C2C9E34ECA8}.Release|x86.ActiveCfg = Release|Any CPU
		{61E8230B-785F-4BEC-A800-8C2C9E34ECA8}.Release|x86.Build.0 = Release|Any CPU
		{4FD86D41-4AE2-40A8-B272-13FE4CF60B2D}.Ad-Hoc|Any CPU.ActiveCfg = Release|Any CPU
		{4FD86D41-4AE2-40A8-B272-13FE4CF60B2D}.Ad-Hoc|Any CPU.Build.0 = Release|Any CPU
		{4FD86D41-4AE2-40A8-B272-13FE4CF60B2D}.Ad-Hoc|ARM.ActiveCfg = Release|Any CPU
		{4FD86D41-4AE2-40A8-B272-13FE4CF60B2D}.Ad-Hoc|ARM.Build.0 = Release|Any CPU
		{4FD86D41-4AE2-40A8-B272-13FE4CF60B2D}.Ad-Hoc|iPhone.ActiveCfg = Release|Any CPU
		{4FD86D41-4AE2-40A8-B272-13FE4CF60B2D}.Ad-Hoc|iPhone.Build.0 = Release|Any CPU
		{4FD86D41-4AE2-40A8-B272-13FE4CF60B2D}.Ad-Hoc|iPhoneSimulator.ActiveCfg = Release|Any CPU
		{4FD86D41-4AE2-40A8-B272-13FE4CF60B2D}.Ad-Hoc|iPhoneSimulator.Build.0 = Release|Any CPU
		{4FD86D41-4AE2-40A8-B272-13FE4CF60B2D}.Ad-Hoc|x64.ActiveCfg = Release|Any CPU
		{4FD86D41-4AE2-40A8-B272-13FE4CF60B2D}.Ad-Hoc|x64.Build.0 = Release|Any CPU
		{4FD86D41-4AE2-40A8-B272-13FE4CF60B2D}.Ad-Hoc|x86.ActiveCfg = Release|Any CPU
		{4FD86D41-4AE2-40A8-B272-13FE4CF60B2D}.Ad-Hoc|x86.Build.0 = Release|Any CPU
		{4FD86D41-4AE2-40A8-B272-13FE4CF60B2D}.AppStore|Any CPU.ActiveCfg = Release|Any CPU
		{4FD86D41-4AE2-40A8-B272-13FE4CF60B2D}.AppStore|Any CPU.Build.0 = Release|Any CPU
		{4FD86D41-4AE2-40A8-B272-13FE4CF60B2D}.AppStore|ARM.ActiveCfg = Release|Any CPU
		{4FD86D41-4AE2-40A8-B272-13FE4CF60B2D}.AppStore|ARM.Build.0 = Release|Any CPU
		{4FD86D41-4AE2-40A8-B272-13FE4CF60B2D}.AppStore|iPhone.ActiveCfg = Release|Any CPU
		{4FD86D41-4AE2-40A8-B272-13FE4CF60B2D}.AppStore|iPhone.Build.0 = Release|Any CPU
		{4FD86D41-4AE2-40A8-B272-13FE4CF60B2D}.AppStore|iPhoneSimulator.ActiveCfg = Release|Any CPU
		{4FD86D41-4AE2-40A8-B272-13FE4CF60B2D}.AppStore|iPhoneSimulator.Build.0 = Release|Any CPU
		{4FD86D41-4AE2-40A8-B272-13FE4CF60B2D}.AppStore|x64.ActiveCfg = Release|Any CPU
		{4FD86D41-4AE2-40A8-B272-13FE4CF60B2D}.AppStore|x64.Build.0 = Release|Any CPU
		{4FD86D41-4AE2-40A8-B272-13FE4CF60B2D}.AppStore|x86.ActiveCfg = Release|Any CPU
		{4FD86D41-4AE2-40A8-B272-13FE4CF60B2D}.AppStore|x86.Build.0 = Release|Any CPU
		{4FD86D41-4AE2-40A8-B272-13FE4CF60B2D}.Debug|Any CPU.ActiveCfg = Debug|Any CPU
		{4FD86D41-4AE2-40A8-B272-13FE4CF60B2D}.Debug|Any CPU.Build.0 = Debug|Any CPU
		{4FD86D41-4AE2-40A8-B272-13FE4CF60B2D}.Debug|ARM.ActiveCfg = Debug|Any CPU
		{4FD86D41-4AE2-40A8-B272-13FE4CF60B2D}.Debug|ARM.Build.0 = Debug|Any CPU
		{4FD86D41-4AE2-40A8-B272-13FE4CF60B2D}.Debug|iPhone.ActiveCfg = Debug|Any CPU
		{4FD86D41-4AE2-40A8-B272-13FE4CF60B2D}.Debug|iPhone.Build.0 = Debug|Any CPU
		{4FD86D41-4AE2-40A8-B272-13FE4CF60B2D}.Debug|iPhoneSimulator.ActiveCfg = Debug|Any CPU
		{4FD86D41-4AE2-40A8-B272-13FE4CF60B2D}.Debug|iPhoneSimulator.Build.0 = Debug|Any CPU
		{4FD86D41-4AE2-40A8-B272-13FE4CF60B2D}.Debug|x64.ActiveCfg = Debug|Any CPU
		{4FD86D41-4AE2-40A8-B272-13FE4CF60B2D}.Debug|x64.Build.0 = Debug|Any CPU
		{4FD86D41-4AE2-40A8-B272-13FE4CF60B2D}.Debug|x86.ActiveCfg = Debug|Any CPU
		{4FD86D41-4AE2-40A8-B272-13FE4CF60B2D}.Debug|x86.Build.0 = Debug|Any CPU
		{4FD86D41-4AE2-40A8-B272-13FE4CF60B2D}.Release|Any CPU.ActiveCfg = Release|Any CPU
		{4FD86D41-4AE2-40A8-B272-13FE4CF60B2D}.Release|Any CPU.Build.0 = Release|Any CPU
		{4FD86D41-4AE2-40A8-B272-13FE4CF60B2D}.Release|ARM.ActiveCfg = Release|Any CPU
		{4FD86D41-4AE2-40A8-B272-13FE4CF60B2D}.Release|ARM.Build.0 = Release|Any CPU
		{4FD86D41-4AE2-40A8-B272-13FE4CF60B2D}.Release|iPhone.ActiveCfg = Release|Any CPU
		{4FD86D41-4AE2-40A8-B272-13FE4CF60B2D}.Release|iPhone.Build.0 = Release|Any CPU
		{4FD86D41-4AE2-40A8-B272-13FE4CF60B2D}.Release|iPhoneSimulator.ActiveCfg = Release|Any CPU
		{4FD86D41-4AE2-40A8-B272-13FE4CF60B2D}.Release|iPhoneSimulator.Build.0 = Release|Any CPU
		{4FD86D41-4AE2-40A8-B272-13FE4CF60B2D}.Release|x64.ActiveCfg = Release|Any CPU
		{4FD86D41-4AE2-40A8-B272-13FE4CF60B2D}.Release|x64.Build.0 = Release|Any CPU
		{4FD86D41-4AE2-40A8-B272-13FE4CF60B2D}.Release|x86.ActiveCfg = Release|Any CPU
		{4FD86D41-4AE2-40A8-B272-13FE4CF60B2D}.Release|x86.Build.0 = Release|Any CPU
	EndGlobalSection
	GlobalSection(SolutionProperties) = preSolution
		HideSolutionNode = FALSE
	EndGlobalSection
	GlobalSection(ExtensibilityGlobals) = postSolution
		SolutionGuid = {9C4E3241-7FE7-4461-B9D6-28DCCD589296}
	EndGlobalSection
EndGlobal
